{
  "object": {
    "pins": [
      {
        "package": "NetworkManagerPackage",
        "repositoryURL": "https://github.com/yo2bh/SwiftPM-MultipleTargets.git",
        "state": {
          "branch": "master",
          "revision": "fdb436a9fd7b6f928e79571e38015653c664787a",
          "version": null
        }
      }
    ]
  },
  "version": 1
}
