{
  "object": {
    "pins": [
      {
        "package": "NetworkManagerPackage",
        "repositoryURL": "https://github.com/yo2bh/SwiftPM-MultipleTargets.git",
        "state": {
          "branch": "master",
          "revision": "f21c34494f9fe4e27ad4453f51ec5b81a35b3ef9",
          "version": null
        }
      }
    ]
  },
  "version": 1
}
